# This file is automatically @generated by Cargo.
# It is not intended for manual editing.
version = 3

[[package]]
name = "bitmask-enum"
version = "2.2.4"
source = "registry+https://github.com/rust-lang/crates.io-index"
checksum = "afb15541e888071f64592c0b4364fdff21b7cb0a247f984296699351963a8721"
dependencies = [
 "quote",
 "syn",
]

[[package]]
name = "bytemuck"
version = "1.16.1"
source = "registry+https://github.com/rust-lang/crates.io-index"
checksum = "b236fc92302c97ed75b38da1f4917b5cdda4984745740f153a5d3059e48d725e"
dependencies = [
 "bytemuck_derive",
]

[[package]]
name = "bytemuck_derive"
version = "1.7.0"
source = "registry+https://github.com/rust-lang/crates.io-index"
checksum = "1ee891b04274a59bd38b412188e24b849617b2e45a0fd8d057deb63e7403761b"
dependencies = [
 "proc-macro2",
 "quote",
 "syn",
]

[[package]]
name = "devmem"
version = "0.1.1"
source = "registry+https://github.com/rust-lang/crates.io-index"
checksum = "0dc08650b46aa5be4fd847e67cdf6c7b40185b9848276845522cf77a7d4a279d"
dependencies = [
 "libc",
]

[[package]]
name = "document-features"
version = "0.2.8"
source = "registry+https://github.com/rust-lang/crates.io-index"
checksum = "ef5282ad69563b5fc40319526ba27e0e7363d552a896f0297d54f767717f9b95"
dependencies = [
 "litrs",
]

[[package]]
name = "libc"
version = "0.2.155"
source = "registry+https://github.com/rust-lang/crates.io-index"
checksum = "97b3888a4aecf77e811145cadf6eef5901f4782c53886191b2f693f24761847c"

[[package]]
name = "litrs"
version = "0.4.1"
source = "registry+https://github.com/rust-lang/crates.io-index"
checksum = "b4ce301924b7887e9d637144fdade93f9dfff9b60981d4ac161db09720d39aa5"

[[package]]
name = "ocsd"
version = "0.1.0"
dependencies = [
 "bitmask-enum",
 "bytemuck",
 "devmem",
 "document-features",
]

[[package]]
name = "proc-macro2"
version = "1.0.86"
source = "registry+https://github.com/rust-lang/crates.io-index"
checksum = "5e719e8df665df0d1c8fbfd238015744736151d4445ec0836b8e628aae103b77"
dependencies = [
 "unicode-ident",
]

[[package]]
name = "quote"
version = "1.0.36"
source = "registry+https://github.com/rust-lang/crates.io-index"
checksum = "0fa76aaf39101c457836aec0ce2316dbdc3ab723cdda1c6bd4e6ad4208acaca7"
dependencies = [
 "proc-macro2",
]

[[package]]
name = "syn"
version = "2.0.68"
source = "registry+https://github.com/rust-lang/crates.io-index"
checksum = "901fa70d88b9d6c98022e23b4136f9f3e54e4662c3bc1bd1d84a42a9a0f0c1e9"
dependencies = [
 "proc-macro2",
 "quote",
 "unicode-ident",
]

[[package]]
name = "unicode-ident"
version = "1.0.12"
source = "registry+https://github.com/rust-lang/crates.io-index"
checksum = "3354b9ac3fae1ff6755cb6db53683adb661634f67557942dea4facebec0fee4b"
